
Microsoft Visual Studio Solution File, Format Version 12.00
# Visual Studio 2012
Project("{FAE04EC0-301F-11D3-BF4B-00C04F79EFBC}") = "Calculator.Console", "Calculator.Console\Calculator.Console.csproj", "{9DC829D2-7F06-4E82-92D6-866E07298D6A}"
EndProject
Project("{2150E333-8FDC-42A3-9474-1A3956D46DE8}") = "specs", "specs", "{64DCD698-4D85-4443-8479-3BBBED9DE702}"
	ProjectSection(SolutionItems) = preProject
		Calculator_Specs.txt = Calculator_Specs.txt
	EndProjectSection
EndProject
Project("{2150E333-8FDC-42A3-9474-1A3956D46DE8}") = "tests", "tests", "{BCEB9628-3862-4AD4-A40D-0AD5736B19FA}"
EndProject
Project("{2150E333-8FDC-42A3-9474-1A3956D46DE8}") = "unit", "unit", "{2F5F6765-23C9-4FB3-AC70-FC83F9835988}"
EndProject
Project("{FAE04EC0-301F-11D3-BF4B-00C04F79EFBC}") = "Calculator.Service", "Calculator.Service\Calculator.Service.csproj", "{BD9C8455-ACE7-4587-AB89-91A69C68059F}"
EndProject
Project("{FAE04EC0-301F-11D3-BF4B-00C04F79EFBC}") = "Calculator.Service.Tests.Unit", "Calculator.Service.Tests.Unit\Calculator.Service.Tests.Unit.csproj", "{69F0B7F2-ED71-4AD6-8988-87C4ABB0E2C6}"
EndProject
Global
	GlobalSection(SolutionConfigurationPlatforms) = preSolution
		Debug|Any CPU = Debug|Any CPU
		Release|Any CPU = Release|Any CPU
	EndGlobalSection
	GlobalSection(ProjectConfigurationPlatforms) = postSolution
		{9DC829D2-7F06-4E82-92D6-866E07298D6A}.Debug|Any CPU.ActiveCfg = Debug|Any CPU
		{9DC829D2-7F06-4E82-92D6-866E07298D6A}.Debug|Any CPU.Build.0 = Debug|Any CPU
		{9DC829D2-7F06-4E82-92D6-866E07298D6A}.Release|Any CPU.ActiveCfg = Release|Any CPU
		{9DC829D2-7F06-4E82-92D6-866E07298D6A}.Release|Any CPU.Build.0 = Release|Any CPU
		{BD9C8455-ACE7-4587-AB89-91A69C68059F}.Debug|Any CPU.ActiveCfg = Debug|Any CPU
		{BD9C8455-ACE7-4587-AB89-91A69C68059F}.Debug|Any CPU.Build.0 = Debug|Any CPU
		{BD9C8455-ACE7-4587-AB89-91A69C68059F}.Release|Any CPU.ActiveCfg = Release|Any CPU
		{BD9C8455-ACE7-4587-AB89-91A69C68059F}.Release|Any CPU.Build.0 = Release|Any CPU
		{69F0B7F2-ED71-4AD6-8988-87C4ABB0E2C6}.Debug|Any CPU.ActiveCfg = Debug|Any CPU
		{69F0B7F2-ED71-4AD6-8988-87C4ABB0E2C6}.Debug|Any CPU.Build.0 = Debug|Any CPU
		{69F0B7F2-ED71-4AD6-8988-87C4ABB0E2C6}.Release|Any CPU.ActiveCfg = Release|Any CPU
		{69F0B7F2-ED71-4AD6-8988-87C4ABB0E2C6}.Release|Any CPU.Build.0 = Release|Any CPU
	EndGlobalSection
	GlobalSection(SolutionProperties) = preSolution
		HideSolutionNode = FALSE
	EndGlobalSection
	GlobalSection(NestedProjects) = preSolution
		{2F5F6765-23C9-4FB3-AC70-FC83F9835988} = {BCEB9628-3862-4AD4-A40D-0AD5736B19FA}
		{69F0B7F2-ED71-4AD6-8988-87C4ABB0E2C6} = {2F5F6765-23C9-4FB3-AC70-FC83F9835988}
	EndGlobalSection
EndGlobal
