
Microsoft Visual Studio Solution File, Format Version 12.00
# Visual Studio 11
Project("{FAE04EC0-301F-11D3-BF4B-00C04F79EFBC}") = "Calculator.Console", "Calculator.Console\Calculator.Console.csproj", "{24AD0AE4-41C8-4718-8F1E-E1C9159493D9}"
EndProject
Project("{2150E333-8FDC-42A3-9474-1A3956D46DE8}") = "Tests", "Tests", "{2A00B3C6-7478-4BC9-BE6B-E8B15C47F060}"
EndProject
Project("{2150E333-8FDC-42A3-9474-1A3956D46DE8}") = "Unit", "Unit", "{82329C5E-AA12-4662-840C-68F2449CB537}"
EndProject
Project("{FAE04EC0-301F-11D3-BF4B-00C04F79EFBC}") = "Calculator.Service", "Calculator.Service\Calculator.Service.csproj", "{3EE435D5-3CE0-47DE-BEFB-30B95E9B3845}"
EndProject
Project("{FAE04EC0-301F-11D3-BF4B-00C04F79EFBC}") = "Calculator.Service.Tests.Unit", "Calculator.Service.Tests.Unit\Calculator.Service.Tests.Unit.csproj", "{114E2651-2A30-439B-9234-B3B846F125D7}"
EndProject
Project("{2150E333-8FDC-42A3-9474-1A3956D46DE8}") = "Specs", "Specs", "{D5107958-821A-4BC7-9333-56FF07CE250A}"
	ProjectSection(SolutionItems) = preProject
		Calculator_Specs.txt = Calculator_Specs.txt
	EndProjectSection
EndProject
Project("{FAE04EC0-301F-11D3-BF4B-00C04F79EFBC}") = "Calculator.Shared", "Calculator.Shared\Calculator.Shared.csproj", "{9F8D4B8E-D120-4C68-8DDB-93E16BAB03E6}"
EndProject
Global
	GlobalSection(TeamFoundationVersionControl) = preSolution
		SccEnterpriseProvider = {4CA58AB2-18FA-4F8D-95D4-32DDF27D184C}
		SccLocalPath0 = .
		SccLocalPath1 = Calculator.Console
		SccLocalPath2 = Calculator.Service
		SccLocalPath3 = Calculator.Service.Tests.Unit
		SccLocalPath4 = Calculator.Shared
		SccNumberOfProjects = 5
		SccProjectName1 = Calculator.Console
		SccProjectName2 = Calculator.Service
		SccProjectName3 = Calculator.Service.Tests.Unit
		SccProjectName4 = Calculator.Shared
		SccProjectTopLevelParentUniqueName3 = Calculator.sln
		SccProjectUniqueName1 = Calculator.Console\\Calculator.Console.csproj
		SccProjectUniqueName2 = Calculator.Service\\Calculator.Service.csproj
		SccProjectUniqueName3 = Calculator.Service.Tests.Unit\\Calculator.Service.Tests.Unit.csproj
		SccProjectUniqueName4 = Calculator.Shared\\Calculator.Shared.csproj
		SccTeamFoundationServer = https://keburnell.tfspreview.com/defaultcollection
	EndGlobalSection
	GlobalSection(SolutionConfigurationPlatforms) = preSolution
		Debug|Any CPU = Debug|Any CPU
		Release|Any CPU = Release|Any CPU
	EndGlobalSection
	GlobalSection(ProjectConfigurationPlatforms) = postSolution
		{114E2651-2A30-439B-9234-B3B846F125D7}.Debug|Any CPU.ActiveCfg = Debug|Any CPU
		{114E2651-2A30-439B-9234-B3B846F125D7}.Debug|Any CPU.Build.0 = Debug|Any CPU
		{114E2651-2A30-439B-9234-B3B846F125D7}.Release|Any CPU.ActiveCfg = Release|Any CPU
		{114E2651-2A30-439B-9234-B3B846F125D7}.Release|Any CPU.Build.0 = Release|Any CPU
		{24AD0AE4-41C8-4718-8F1E-E1C9159493D9}.Debug|Any CPU.ActiveCfg = Debug|Any CPU
		{24AD0AE4-41C8-4718-8F1E-E1C9159493D9}.Debug|Any CPU.Build.0 = Debug|Any CPU
		{24AD0AE4-41C8-4718-8F1E-E1C9159493D9}.Release|Any CPU.ActiveCfg = Release|Any CPU
		{24AD0AE4-41C8-4718-8F1E-E1C9159493D9}.Release|Any CPU.Build.0 = Release|Any CPU
		{3EE435D5-3CE0-47DE-BEFB-30B95E9B3845}.Debug|Any CPU.ActiveCfg = Debug|Any CPU
		{3EE435D5-3CE0-47DE-BEFB-30B95E9B3845}.Debug|Any CPU.Build.0 = Debug|Any CPU
		{3EE435D5-3CE0-47DE-BEFB-30B95E9B3845}.Release|Any CPU.ActiveCfg = Release|Any CPU
		{3EE435D5-3CE0-47DE-BEFB-30B95E9B3845}.Release|Any CPU.Build.0 = Release|Any CPU
		{9F8D4B8E-D120-4C68-8DDB-93E16BAB03E6}.Debug|Any CPU.ActiveCfg = Debug|Any CPU
		{9F8D4B8E-D120-4C68-8DDB-93E16BAB03E6}.Debug|Any CPU.Build.0 = Debug|Any CPU
		{9F8D4B8E-D120-4C68-8DDB-93E16BAB03E6}.Release|Any CPU.ActiveCfg = Release|Any CPU
		{9F8D4B8E-D120-4C68-8DDB-93E16BAB03E6}.Release|Any CPU.Build.0 = Release|Any CPU
	EndGlobalSection
	GlobalSection(SolutionProperties) = preSolution
		HideSolutionNode = FALSE
	EndGlobalSection
	GlobalSection(NestedProjects) = preSolution
		{114E2651-2A30-439B-9234-B3B846F125D7} = {82329C5E-AA12-4662-840C-68F2449CB537}
		{82329C5E-AA12-4662-840C-68F2449CB537} = {2A00B3C6-7478-4BC9-BE6B-E8B15C47F060}
	EndGlobalSection
EndGlobal
